
Microsoft Visual Studio Solution File, Format Version 12.00
# Visual Studio 15
VisualStudioVersion = 15.0.28307.329
MinimumVisualStudioVersion = 10.0.40219.1
Project("{FAE04EC0-301F-11D3-BF4B-00C04F79EFBC}") = "wpfexercice3", "wpfexercice3\wpfexercice3.csproj", "{B7CEDF9F-CAC8-48FC-B2FB-D43B3A37CE5D}"
EndProject
Global
	GlobalSection(SolutionConfigurationPlatforms) = preSolution
		Debug|Any CPU = Debug|Any CPU
		Release|Any CPU = Release|Any CPU
	EndGlobalSection
	GlobalSection(ProjectConfigurationPlatforms) = postSolution
		{B7CEDF9F-CAC8-48FC-B2FB-D43B3A37CE5D}.Debug|Any CPU.ActiveCfg = Debug|Any CPU
		{B7CEDF9F-CAC8-48FC-B2FB-D43B3A37CE5D}.Debug|Any CPU.Build.0 = Debug|Any CPU
		{B7CEDF9F-CAC8-48FC-B2FB-D43B3A37CE5D}.Release|Any CPU.ActiveCfg = Release|Any CPU
		{B7CEDF9F-CAC8-48FC-B2FB-D43B3A37CE5D}.Release|Any CPU.Build.0 = Release|Any CPU
	EndGlobalSection
	GlobalSection(SolutionProperties) = preSolution
		HideSolutionNode = FALSE
	EndGlobalSection
	GlobalSection(ExtensibilityGlobals) = postSolution
		SolutionGuid = {F58888C0-2C5A-4E78-A39F-04137E082DA0}
	EndGlobalSection
EndGlobal
