
Microsoft Visual Studio Solution File, Format Version 12.00
# Visual Studio 15
VisualStudioVersion = 15.0.28307.329
MinimumVisualStudioVersion = 10.0.40219.1
Project("{FAE04EC0-301F-11D3-BF4B-00C04F79EFBC}") = "WpfClientLourd", "WpfClientLourd\WpfClientLourd.csproj", "{C08D067A-3C67-401D-A732-4FBA6C0691E7}"
EndProject
Global
	GlobalSection(SolutionConfigurationPlatforms) = preSolution
		Debug|Any CPU = Debug|Any CPU
		Release|Any CPU = Release|Any CPU
	EndGlobalSection
	GlobalSection(ProjectConfigurationPlatforms) = postSolution
		{C08D067A-3C67-401D-A732-4FBA6C0691E7}.Debug|Any CPU.ActiveCfg = Debug|Any CPU
		{C08D067A-3C67-401D-A732-4FBA6C0691E7}.Debug|Any CPU.Build.0 = Debug|Any CPU
		{C08D067A-3C67-401D-A732-4FBA6C0691E7}.Release|Any CPU.ActiveCfg = Release|Any CPU
		{C08D067A-3C67-401D-A732-4FBA6C0691E7}.Release|Any CPU.Build.0 = Release|Any CPU
	EndGlobalSection
	GlobalSection(SolutionProperties) = preSolution
		HideSolutionNode = FALSE
	EndGlobalSection
	GlobalSection(ExtensibilityGlobals) = postSolution
		SolutionGuid = {B63F5754-6470-467C-AE83-FAB15708C092}
	EndGlobalSection
EndGlobal
