
Microsoft Visual Studio Solution File, Format Version 12.00
# Visual Studio 15
VisualStudioVersion = 15.0.28307.329
MinimumVisualStudioVersion = 10.0.40219.1
Project("{FAE04EC0-301F-11D3-BF4B-00C04F79EFBC}") = "Wpfexercice2", "Wpfexercice2\Wpfexercice2.csproj", "{28B55ACB-B619-47D1-A265-6A285F34834C}"
EndProject
Global
	GlobalSection(SolutionConfigurationPlatforms) = preSolution
		Debug|Any CPU = Debug|Any CPU
		Release|Any CPU = Release|Any CPU
	EndGlobalSection
	GlobalSection(ProjectConfigurationPlatforms) = postSolution
		{28B55ACB-B619-47D1-A265-6A285F34834C}.Debug|Any CPU.ActiveCfg = Debug|Any CPU
		{28B55ACB-B619-47D1-A265-6A285F34834C}.Debug|Any CPU.Build.0 = Debug|Any CPU
		{28B55ACB-B619-47D1-A265-6A285F34834C}.Release|Any CPU.ActiveCfg = Release|Any CPU
		{28B55ACB-B619-47D1-A265-6A285F34834C}.Release|Any CPU.Build.0 = Release|Any CPU
	EndGlobalSection
	GlobalSection(SolutionProperties) = preSolution
		HideSolutionNode = FALSE
	EndGlobalSection
	GlobalSection(ExtensibilityGlobals) = postSolution
		SolutionGuid = {01904C55-841C-40FA-BD44-E4335DE98AB5}
	EndGlobalSection
EndGlobal
