
Microsoft Visual Studio Solution File, Format Version 12.00
# Visual Studio 15
VisualStudioVersion = 15.0.28307.329
MinimumVisualStudioVersion = 10.0.40219.1
Project("{FAE04EC0-301F-11D3-BF4B-00C04F79EFBC}") = "WpflejusteprixBonus", "WpflejusteprixBonus\WpflejusteprixBonus.csproj", "{EAF73322-6DDD-45E9-BADC-984CDA78DE4F}"
EndProject
Global
	GlobalSection(SolutionConfigurationPlatforms) = preSolution
		Debug|Any CPU = Debug|Any CPU
		Release|Any CPU = Release|Any CPU
	EndGlobalSection
	GlobalSection(ProjectConfigurationPlatforms) = postSolution
		{EAF73322-6DDD-45E9-BADC-984CDA78DE4F}.Debug|Any CPU.ActiveCfg = Debug|Any CPU
		{EAF73322-6DDD-45E9-BADC-984CDA78DE4F}.Debug|Any CPU.Build.0 = Debug|Any CPU
		{EAF73322-6DDD-45E9-BADC-984CDA78DE4F}.Release|Any CPU.ActiveCfg = Release|Any CPU
		{EAF73322-6DDD-45E9-BADC-984CDA78DE4F}.Release|Any CPU.Build.0 = Release|Any CPU
	EndGlobalSection
	GlobalSection(SolutionProperties) = preSolution
		HideSolutionNode = FALSE
	EndGlobalSection
	GlobalSection(ExtensibilityGlobals) = postSolution
		SolutionGuid = {98EE3833-8763-4C34-9252-111856B17BA5}
	EndGlobalSection
EndGlobal
