
Microsoft Visual Studio Solution File, Format Version 12.00
# Visual Studio 15
VisualStudioVersion = 15.0.28307.329
MinimumVisualStudioVersion = 10.0.40219.1
Project("{FAE04EC0-301F-11D3-BF4B-00C04F79EFBC}") = "WpfClientLourd2", "WpfClientLourd2\WpfClientLourd2.csproj", "{4625B732-DAB4-4102-B1D3-3F5412E574AD}"
EndProject
Global
	GlobalSection(SolutionConfigurationPlatforms) = preSolution
		Debug|Any CPU = Debug|Any CPU
		Release|Any CPU = Release|Any CPU
	EndGlobalSection
	GlobalSection(ProjectConfigurationPlatforms) = postSolution
		{4625B732-DAB4-4102-B1D3-3F5412E574AD}.Debug|Any CPU.ActiveCfg = Debug|Any CPU
		{4625B732-DAB4-4102-B1D3-3F5412E574AD}.Debug|Any CPU.Build.0 = Debug|Any CPU
		{4625B732-DAB4-4102-B1D3-3F5412E574AD}.Release|Any CPU.ActiveCfg = Release|Any CPU
		{4625B732-DAB4-4102-B1D3-3F5412E574AD}.Release|Any CPU.Build.0 = Release|Any CPU
	EndGlobalSection
	GlobalSection(SolutionProperties) = preSolution
		HideSolutionNode = FALSE
	EndGlobalSection
	GlobalSection(ExtensibilityGlobals) = postSolution
		SolutionGuid = {E130E4E6-96C7-4AD8-980F-17692122F910}
	EndGlobalSection
EndGlobal
